// !$*UTF8*$!
{
	archiveVersion = 1;
	classes = {
	};
	objectVersion = 46;
	objects = {

/* Begin PBXBuildFile section */
		9DB54E6219A48F1700E7BBD2 /* Foundation.framework in Frameworks */ = {isa = PBXBuildFile; fileRef = 9DB54E6119A48F1700E7BBD2 /* Foundation.framework */; };
		9DB54E6419A48F1700E7BBD2 /* CoreGraphics.framework in Frameworks */ = {isa = PBXBuildFile; fileRef = 9DB54E6319A48F1700E7BBD2 /* CoreGraphics.framework */; };
		9DB54E6619A48F1700E7BBD2 /* UIKit.framework in Frameworks */ = {isa = PBXBuildFile; fileRef = 9DB54E6519A48F1700E7BBD2 /* UIKit.framework */; };
		9DB54E6C19A48F1700E7BBD2 /* InfoPlist.strings in Resources */ = {isa = PBXBuildFile; fileRef = 9DB54E6A19A48F1700E7BBD2 /* InfoPlist.strings */; };
		9DB54E6E19A48F1700E7BBD2 /* main.m in Sources */ = {isa = PBXBuildFile; fileRef = 9DB54E6D19A48F1700E7BBD2 /* main.m */; };
		9DB54E7219A48F1700E7BBD2 /* AppDelegate.m in Sources */ = {isa = PBXBuildFile; fileRef = 9DB54E7119A48F1700E7BBD2 /* AppDelegate.m */; };
		9DB54E7519A48F1700E7BBD2 /* Main.storyboard in Resources */ = {isa = PBXBuildFile; fileRef = 9DB54E7319A48F1700E7BBD2 /* Main.storyboard */; };
		9DB54E7819A48F1700E7BBD2 /* ViewController.m in Sources */ = {isa = PBXBuildFile; fileRef = 9DB54E7719A48F1700E7BBD2 /* ViewController.m */; };
		9DB54E7A19A48F1700E7BBD2 /* Images.xcassets in Resources */ = {isa = PBXBuildFile; fileRef = 9DB54E7919A48F1700E7BBD2 /* Images.xcassets */; };
		9DB54E8119A48F1700E7BBD2 /* XCTest.framework in Frameworks */ = {isa = PBXBuildFile; fileRef = 9DB54E8019A48F1700E7BBD2 /* XCTest.framework */; };
		9DB54E8219A48F1700E7BBD2 /* Foundation.framework in Frameworks */ = {isa = PBXBuildFile; fileRef = 9DB54E6119A48F1700E7BBD2 /* Foundation.framework */; };
		9DB54E8319A48F1700E7BBD2 /* UIKit.framework in Frameworks */ = {isa = PBXBuildFile; fileRef = 9DB54E6519A48F1700E7BBD2 /* UIKit.framework */; };
		9DB54E8B19A48F1700E7BBD2 /* InfoPlist.strings in Resources */ = {isa = PBXBuildFile; fileRef = 9DB54E8919A48F1700E7BBD2 /* InfoPlist.strings */; };
		9DB54E8D19A48F1700E7BBD2 /* AutoCompleteTextFieldPrototypeTests.m in Sources */ = {isa = PBXBuildFile; fileRef = 9DB54E8C19A48F1700E7BBD2 /* AutoCompleteTextFieldPrototypeTests.m */; };
		9DB54E9819A4D6EB00E7BBD2 /* MLPAutoCompleteTextField.m in Sources */ = {isa = PBXBuildFile; fileRef = 9DB54E9719A4D6EB00E7BBD2 /* MLPAutoCompleteTextField.m */; };
		9DB54E9B19A4D79400E7BBD2 /* NSString+Levenshtein.m in Sources */ = {isa = PBXBuildFile; fileRef = 9DB54E9A19A4D79400E7BBD2 /* NSString+Levenshtein.m */; };
/* End PBXBuildFile section */

/* Begin PBXContainerItemProxy section */
		9DB54E8419A48F1700E7BBD2 /* PBXContainerItemProxy */ = {
			isa = PBXContainerItemProxy;
			containerPortal = 9DB54E5619A48F1700E7BBD2 /* Project object */;
			proxyType = 1;
			remoteGlobalIDString = 9DB54E5D19A48F1700E7BBD2;
			remoteInfo = AutoCompleteTextFieldPrototype;
		};
/* End PBXContainerItemProxy section */

/* Begin PBXFileReference section */
		9DB54E5E19A48F1700E7BBD2 /* AutoCompleteTextFieldPrototype.app */ = {isa = PBXFileReference; explicitFileType = wrapper.application; includeInIndex = 0; path = AutoCompleteTextFieldPrototype.app; sourceTree = BUILT_PRODUCTS_DIR; };
		9DB54E6119A48F1700E7BBD2 /* Foundation.framework */ = {isa = PBXFileReference; lastKnownFileType = wrapper.framework; name = Foundation.framework; path = System/Library/Frameworks/Foundation.framework; sourceTree = SDKROOT; };
		9DB54E6319A48F1700E7BBD2 /* CoreGraphics.framework */ = {isa = PBXFileReference; lastKnownFileType = wrapper.framework; name = CoreGraphics.framework; path = System/Library/Frameworks/CoreGraphics.framework; sourceTree = SDKROOT; };
		9DB54E6519A48F1700E7BBD2 /* UIKit.framework */ = {isa = PBXFileReference; lastKnownFileType = wrapper.framework; name = UIKit.framework; path = System/Library/Frameworks/UIKit.framework; sourceTree = SDKROOT; };
		9DB54E6919A48F1700E7BBD2 /* AutoCompleteTextFieldPrototype-Info.plist */ = {isa = PBXFileReference; lastKnownFileType = text.plist.xml; path = "AutoCompleteTextFieldPrototype-Info.plist"; sourceTree = "<group>"; };
		9DB54E6B19A48F1700E7BBD2 /* en */ = {isa = PBXFileReference; lastKnownFileType = text.plist.strings; name = en; path = en.lproj/InfoPlist.strings; sourceTree = "<group>"; };
		9DB54E6D19A48F1700E7BBD2 /* main.m */ = {isa = PBXFileReference; lastKnownFileType = sourcecode.c.objc; path = main.m; sourceTree = "<group>"; };
		9DB54E6F19A48F1700E7BBD2 /* AutoCompleteTextFieldPrototype-Prefix.pch */ = {isa = PBXFileReference; lastKnownFileType = sourcecode.c.h; path = "AutoCompleteTextFieldPrototype-Prefix.pch"; sourceTree = "<group>"; };
		9DB54E7019A48F1700E7BBD2 /* AppDelegate.h */ = {isa = PBXFileReference; lastKnownFileType = sourcecode.c.h; path = AppDelegate.h; sourceTree = "<group>"; };
		9DB54E7119A48F1700E7BBD2 /* AppDelegate.m */ = {isa = PBXFileReference; lastKnownFileType = sourcecode.c.objc; path = AppDelegate.m; sourceTree = "<group>"; };
		9DB54E7419A48F1700E7BBD2 /* Base */ = {isa = PBXFileReference; lastKnownFileType = file.storyboard; name = Base; path = Base.lproj/Main.storyboard; sourceTree = "<group>"; };
		9DB54E7619A48F1700E7BBD2 /* ViewController.h */ = {isa = PBXFileReference; lastKnownFileType = sourcecode.c.h; path = ViewController.h; sourceTree = "<group>"; };
		9DB54E7719A48F1700E7BBD2 /* ViewController.m */ = {isa = PBXFileReference; lastKnownFileType = sourcecode.c.objc; path = ViewController.m; sourceTree = "<group>"; };
		9DB54E7919A48F1700E7BBD2 /* Images.xcassets */ = {isa = PBXFileReference; lastKnownFileType = folder.assetcatalog; path = Images.xcassets; sourceTree = "<group>"; };
		9DB54E7F19A48F1700E7BBD2 /* AutoCompleteTextFieldPrototypeTests.xctest */ = {isa = PBXFileReference; explicitFileType = wrapper.cfbundle; includeInIndex = 0; path = AutoCompleteTextFieldPrototypeTests.xctest; sourceTree = BUILT_PRODUCTS_DIR; };
		9DB54E8019A48F1700E7BBD2 /* XCTest.framework */ = {isa = PBXFileReference; lastKnownFileType = wrapper.framework; name = XCTest.framework; path = Library/Frameworks/XCTest.framework; sourceTree = DEVELOPER_DIR; };
		9DB54E8819A48F1700E7BBD2 /* AutoCompleteTextFieldPrototypeTests-Info.plist */ = {isa = PBXFileReference; lastKnownFileType = text.plist.xml; path = "AutoCompleteTextFieldPrototypeTests-Info.plist"; sourceTree = "<group>"; };
		9DB54E8A19A48F1700E7BBD2 /* en */ = {isa = PBXFileReference; lastKnownFileType = text.plist.strings; name = en; path = en.lproj/InfoPlist.strings; sourceTree = "<group>"; };
		9DB54E8C19A48F1700E7BBD2 /* AutoCompleteTextFieldPrototypeTests.m */ = {isa = PBXFileReference; lastKnownFileType = sourcecode.c.objc; path = AutoCompleteTextFieldPrototypeTests.m; sourceTree = "<group>"; };
		9DB54E9619A4D6EB00E7BBD2 /* MLPAutoCompleteTextField.h */ = {isa = PBXFileReference; fileEncoding = 4; lastKnownFileType = sourcecode.c.h; path = MLPAutoCompleteTextField.h; sourceTree = "<group>"; };
		9DB54E9719A4D6EB00E7BBD2 /* MLPAutoCompleteTextField.m */ = {isa = PBXFileReference; fileEncoding = 4; lastKnownFileType = sourcecode.c.objc; path = MLPAutoCompleteTextField.m; sourceTree = "<group>"; };
		9DB54E9919A4D79400E7BBD2 /* NSString+Levenshtein.h */ = {isa = PBXFileReference; fileEncoding = 4; lastKnownFileType = sourcecode.c.h; path = "NSString+Levenshtein.h"; sourceTree = "<group>"; };
		9DB54E9A19A4D79400E7BBD2 /* NSString+Levenshtein.m */ = {isa = PBXFileReference; fileEncoding = 4; lastKnownFileType = sourcecode.c.objc; path = "NSString+Levenshtein.m"; sourceTree = "<group>"; };
/* End PBXFileReference section */

/* Begin PBXFrameworksBuildPhase section */
		9DB54E5B19A48F1700E7BBD2 /* Frameworks */ = {
			isa = PBXFrameworksBuildPhase;
			buildActionMask = 2147483647;
			files = (
				9DB54E6419A48F1700E7BBD2 /* CoreGraphics.framework in Frameworks */,
				9DB54E6619A48F1700E7BBD2 /* UIKit.framework in Frameworks */,
				9DB54E6219A48F1700E7BBD2 /* Foundation.framework in Frameworks */,
			);
			runOnlyForDeploymentPostprocessing = 0;
		};
		9DB54E7C19A48F1700E7BBD2 /* Frameworks */ = {
			isa = PBXFrameworksBuildPhase;
			buildActionMask = 2147483647;
			files = (
				9DB54E8119A48F1700E7BBD2 /* XCTest.framework in Frameworks */,
				9DB54E8319A48F1700E7BBD2 /* UIKit.framework in Frameworks */,
				9DB54E8219A48F1700E7BBD2 /* Foundation.framework in Frameworks */,
			);
			runOnlyForDeploymentPostprocessing = 0;
		};
/* End PBXFrameworksBuildPhase section */

/* Begin PBXGroup section */
		9DB54E5519A48F1700E7BBD2 = {
			isa = PBXGroup;
			children = (
				9DB54E6719A48F1700E7BBD2 /* AutoCompleteTextFieldPrototype */,
				9DB54E8619A48F1700E7BBD2 /* AutoCompleteTextFieldPrototypeTests */,
				9DB54E6019A48F1700E7BBD2 /* Frameworks */,
				9DB54E5F19A48F1700E7BBD2 /* Products */,
			);
			sourceTree = "<group>";
		};
		9DB54E5F19A48F1700E7BBD2 /* Products */ = {
			isa = PBXGroup;
			children = (
				9DB54E5E19A48F1700E7BBD2 /* AutoCompleteTextFieldPrototype.app */,
				9DB54E7F19A48F1700E7BBD2 /* AutoCompleteTextFieldPrototypeTests.xctest */,
			);
			name = Products;
			sourceTree = "<group>";
		};
		9DB54E6019A48F1700E7BBD2 /* Frameworks */ = {
			isa = PBXGroup;
			children = (
				9DB54E6119A48F1700E7BBD2 /* Foundation.framework */,
				9DB54E6319A48F1700E7BBD2 /* CoreGraphics.framework */,
				9DB54E6519A48F1700E7BBD2 /* UIKit.framework */,
				9DB54E8019A48F1700E7BBD2 /* XCTest.framework */,
			);
			name = Frameworks;
			sourceTree = "<group>";
		};
		9DB54E6719A48F1700E7BBD2 /* AutoCompleteTextFieldPrototype */ = {
			isa = PBXGroup;
			children = (
				9DB54E9919A4D79400E7BBD2 /* NSString+Levenshtein.h */,
				9DB54E9A19A4D79400E7BBD2 /* NSString+Levenshtein.m */,
				9DB54E9619A4D6EB00E7BBD2 /* MLPAutoCompleteTextField.h */,
				9DB54E9719A4D6EB00E7BBD2 /* MLPAutoCompleteTextField.m */,
				9DB54E7019A48F1700E7BBD2 /* AppDelegate.h */,
				9DB54E7119A48F1700E7BBD2 /* AppDelegate.m */,
				9DB54E7319A48F1700E7BBD2 /* Main.storyboard */,
				9DB54E7619A48F1700E7BBD2 /* ViewController.h */,
				9DB54E7719A48F1700E7BBD2 /* ViewController.m */,
				9DB54E7919A48F1700E7BBD2 /* Images.xcassets */,
				9DB54E6819A48F1700E7BBD2 /* Supporting Files */,
			);
			path = AutoCompleteTextFieldPrototype;
			sourceTree = "<group>";
		};
		9DB54E6819A48F1700E7BBD2 /* Supporting Files */ = {
			isa = PBXGroup;
			children = (
				9DB54E6919A48F1700E7BBD2 /* AutoCompleteTextFieldPrototype-Info.plist */,
				9DB54E6A19A48F1700E7BBD2 /* InfoPlist.strings */,
				9DB54E6D19A48F1700E7BBD2 /* main.m */,
				9DB54E6F19A48F1700E7BBD2 /* AutoCompleteTextFieldPrototype-Prefix.pch */,
			);
			name = "Supporting Files";
			sourceTree = "<group>";
		};
		9DB54E8619A48F1700E7BBD2 /* AutoCompleteTextFieldPrototypeTests */ = {
			isa = PBXGroup;
			children = (
				9DB54E8C19A48F1700E7BBD2 /* AutoCompleteTextFieldPrototypeTests.m */,
				9DB54E8719A48F1700E7BBD2 /* Supporting Files */,
			);
			path = AutoCompleteTextFieldPrototypeTests;
			sourceTree = "<group>";
		};
		9DB54E8719A48F1700E7BBD2 /* Supporting Files */ = {
			isa = PBXGroup;
			children = (
				9DB54E8819A48F1700E7BBD2 /* AutoCompleteTextFieldPrototypeTests-Info.plist */,
				9DB54E8919A48F1700E7BBD2 /* InfoPlist.strings */,
			);
			name = "Supporting Files";
			sourceTree = "<group>";
		};
/* End PBXGroup section */

/* Begin PBXNativeTarget section */
		9DB54E5D19A48F1700E7BBD2 /* AutoCompleteTextFieldPrototype */ = {
			isa = PBXNativeTarget;
			buildConfigurationList = 9DB54E9019A48F1700E7BBD2 /* Build configuration list for PBXNativeTarget "AutoCompleteTextFieldPrototype" */;
			buildPhases = (
				9DB54E5A19A48F1700E7BBD2 /* Sources */,
				9DB54E5B19A48F1700E7BBD2 /* Frameworks */,
				9DB54E5C19A48F1700E7BBD2 /* Resources */,
			);
			buildRules = (
			);
			dependencies = (
			);
			name = AutoCompleteTextFieldPrototype;
			productName = AutoCompleteTextFieldPrototype;
			productReference = 9DB54E5E19A48F1700E7BBD2 /* AutoCompleteTextFieldPrototype.app */;
			productType = "com.apple.product-type.application";
		};
		9DB54E7E19A48F1700E7BBD2 /* AutoCompleteTextFieldPrototypeTests */ = {
			isa = PBXNativeTarget;
			buildConfigurationList = 9DB54E9319A48F1700E7BBD2 /* Build configuration list for PBXNativeTarget "AutoCompleteTextFieldPrototypeTests" */;
			buildPhases = (
				9DB54E7B19A48F1700E7BBD2 /* Sources */,
				9DB54E7C19A48F1700E7BBD2 /* Frameworks */,
				9DB54E7D19A48F1700E7BBD2 /* Resources */,
			);
			buildRules = (
			);
			dependencies = (
				9DB54E8519A48F1700E7BBD2 /* PBXTargetDependency */,
			);
			name = AutoCompleteTextFieldPrototypeTests;
			productName = AutoCompleteTextFieldPrototypeTests;
			productReference = 9DB54E7F19A48F1700E7BBD2 /* AutoCompleteTextFieldPrototypeTests.xctest */;
			productType = "com.apple.product-type.bundle.unit-test";
		};
/* End PBXNativeTarget section */

/* Begin PBXProject section */
		9DB54E5619A48F1700E7BBD2 /* Project object */ = {
			isa = PBXProject;
			attributes = {
				LastUpgradeCheck = 0510;
				ORGANIZATIONNAME = AgileMobileDev;
				TargetAttributes = {
					9DB54E7E19A48F1700E7BBD2 = {
						TestTargetID = 9DB54E5D19A48F1700E7BBD2;
					};
				};
			};
			buildConfigurationList = 9DB54E5919A48F1700E7BBD2 /* Build configuration list for PBXProject "AutoCompleteTextFieldPrototype" */;
			compatibilityVersion = "Xcode 3.2";
			developmentRegion = English;
			hasScannedForEncodings = 0;
			knownRegions = (
				en,
				Base,
			);
			mainGroup = 9DB54E5519A48F1700E7BBD2;
			productRefGroup = 9DB54E5F19A48F1700E7BBD2 /* Products */;
			projectDirPath = "";
			projectRoot = "";
			targets = (
				9DB54E5D19A48F1700E7BBD2 /* AutoCompleteTextFieldPrototype */,
				9DB54E7E19A48F1700E7BBD2 /* AutoCompleteTextFieldPrototypeTests */,
			);
		};
/* End PBXProject section */

/* Begin PBXResourcesBuildPhase section */
		9DB54E5C19A48F1700E7BBD2 /* Resources */ = {
			isa = PBXResourcesBuildPhase;
			buildActionMask = 2147483647;
			files = (
				9DB54E7A19A48F1700E7BBD2 /* Images.xcassets in Resources */,
				9DB54E6C19A48F1700E7BBD2 /* InfoPlist.strings in Resources */,
				9DB54E7519A48F1700E7BBD2 /* Main.storyboard in Resources */,
			);
			runOnlyForDeploymentPostprocessing = 0;
		};
		9DB54E7D19A48F1700E7BBD2 /* Resources */ = {
			isa = PBXResourcesBuildPhase;
			buildActionMask = 2147483647;
			files = (
				9DB54E8B19A48F1700E7BBD2 /* InfoPlist.strings in Resources */,
			);
			runOnlyForDeploymentPostprocessing = 0;
		};
/* End PBXResourcesBuildPhase section */

/* Begin PBXSourcesBuildPhase section */
		9DB54E5A19A48F1700E7BBD2 /* Sources */ = {
			isa = PBXSourcesBuildPhase;
			buildActionMask = 2147483647;
			files = (
				9DB54E7819A48F1700E7BBD2 /* ViewController.m in Sources */,
				9DB54E9B19A4D79400E7BBD2 /* NSString+Levenshtein.m in Sources */,
				9DB54E9819A4D6EB00E7BBD2 /* MLPAutoCompleteTextField.m in Sources */,
				9DB54E7219A48F1700E7BBD2 /* AppDelegate.m in Sources */,
				9DB54E6E19A48F1700E7BBD2 /* main.m in Sources */,
			);
			runOnlyForDeploymentPostprocessing = 0;
		};
		9DB54E7B19A48F1700E7BBD2 /* Sources */ = {
			isa = PBXSourcesBuildPhase;
			buildActionMask = 2147483647;
			files = (
				9DB54E8D19A48F1700E7BBD2 /* AutoCompleteTextFieldPrototypeTests.m in Sources */,
			);
			runOnlyForDeploymentPostprocessing = 0;
		};
/* End PBXSourcesBuildPhase section */

/* Begin PBXTargetDependency section */
		9DB54E8519A48F1700E7BBD2 /* PBXTargetDependency */ = {
			isa = PBXTargetDependency;
			target = 9DB54E5D19A48F1700E7BBD2 /* AutoCompleteTextFieldPrototype */;
			targetProxy = 9DB54E8419A48F1700E7BBD2 /* PBXContainerItemProxy */;
		};
/* End PBXTargetDependency section */

/* Begin PBXVariantGroup section */
		9DB54E6A19A48F1700E7BBD2 /* InfoPlist.strings */ = {
			isa = PBXVariantGroup;
			children = (
				9DB54E6B19A48F1700E7BBD2 /* en */,
			);
			name = InfoPlist.strings;
			sourceTree = "<group>";
		};
		9DB54E7319A48F1700E7BBD2 /* Main.storyboard */ = {
			isa = PBXVariantGroup;
			children = (
				9DB54E7419A48F1700E7BBD2 /* Base */,
			);
			name = Main.storyboard;
			sourceTree = "<group>";
		};
		9DB54E8919A48F1700E7BBD2 /* InfoPlist.strings */ = {
			isa = PBXVariantGroup;
			children = (
				9DB54E8A19A48F1700E7BBD2 /* en */,
			);
			name = InfoPlist.strings;
			sourceTree = "<group>";
		};
/* End PBXVariantGroup section */

/* Begin XCBuildConfiguration section */
		9DB54E8E19A48F1700E7BBD2 /* Debug */ = {
			isa = XCBuildConfiguration;
			buildSettings = {
				ALWAYS_SEARCH_USER_PATHS = NO;
				CLANG_CXX_LANGUAGE_STANDARD = "gnu++0x";
				CLANG_CXX_LIBRARY = "libc++";
				CLANG_ENABLE_MODULES = YES;
				CLANG_ENABLE_OBJC_ARC = YES;
				CLANG_WARN_BOOL_CONVERSION = YES;
				CLANG_WARN_CONSTANT_CONVERSION = YES;
				CLANG_WARN_DIRECT_OBJC_ISA_USAGE = YES_ERROR;
				CLANG_WARN_EMPTY_BODY = YES;
				CLANG_WARN_ENUM_CONVERSION = YES;
				CLANG_WARN_INT_CONVERSION = YES;
				CLANG_WARN_OBJC_ROOT_CLASS = YES_ERROR;
				CLANG_WARN__DUPLICATE_METHOD_MATCH = YES;
				"CODE_SIGN_IDENTITY[sdk=iphoneos*]" = "iPhone Developer";
				COPY_PHASE_STRIP = NO;
				GCC_C_LANGUAGE_STANDARD = gnu99;
				GCC_DYNAMIC_NO_PIC = NO;
				GCC_OPTIMIZATION_LEVEL = 0;
				GCC_PREPROCESSOR_DEFINITIONS = (
					"DEBUG=1",
					"$(inherited)",
				);
				GCC_SYMBOLS_PRIVATE_EXTERN = NO;
				GCC_WARN_64_TO_32_BIT_CONVERSION = YES;
				GCC_WARN_ABOUT_RETURN_TYPE = YES_ERROR;
				GCC_WARN_UNDECLARED_SELECTOR = YES;
				GCC_WARN_UNINITIALIZED_AUTOS = YES_AGGRESSIVE;
				GCC_WARN_UNUSED_FUNCTION = YES;
				GCC_WARN_UNUSED_VARIABLE = YES;
				IPHONEOS_DEPLOYMENT_TARGET = 7.1;
				ONLY_ACTIVE_ARCH = YES;
				SDKROOT = iphoneos;
			};
			name = Debug;
		};
		9DB54E8F19A48F1700E7BBD2 /* Release */ = {
			isa = XCBuildConfiguration;
			buildSettings = {
				ALWAYS_SEARCH_USER_PATHS = NO;
				CLANG_CXX_LANGUAGE_STANDARD = "gnu++0x";
				CLANG_CXX_LIBRARY = "libc++";
				CLANG_ENABLE_MODULES = YES;
				CLANG_ENABLE_OBJC_ARC = YES;
				CLANG_WARN_BOOL_CONVERSION = YES;
				CLANG_WARN_CONSTANT_CONVERSION = YES;
				CLANG_WARN_DIRECT_OBJC_ISA_USAGE = YES_ERROR;
				CLANG_WARN_EMPTY_BODY = YES;
				CLANG_WARN_ENUM_CONVERSION = YES;
				CLANG_WARN_INT_CONVERSION = YES;
				CLANG_WARN_OBJC_ROOT_CLASS = YES_ERROR;
				CLANG_WARN__DUPLICATE_METHOD_MATCH = YES;
				"CODE_SIGN_IDENTITY[sdk=iphoneos*]" = "iPhone Developer";
				COPY_PHASE_STRIP = YES;
				ENABLE_NS_ASSERTIONS = NO;
				GCC_C_LANGUAGE_STANDARD = gnu99;
				GCC_WARN_64_TO_32_BIT_CONVERSION = YES;
				GCC_WARN_ABOUT_RETURN_TYPE = YES_ERROR;
				GCC_WARN_UNDECLARED_SELECTOR = YES;
				GCC_WARN_UNINITIALIZED_AUTOS = YES_AGGRESSIVE;
				GCC_WARN_UNUSED_FUNCTION = YES;
				GCC_WARN_UNUSED_VARIABLE = YES;
				IPHONEOS_DEPLOYMENT_TARGET = 7.1;
				SDKROOT = iphoneos;
				VALIDATE_PRODUCT = YES;
			};
			name = Release;
		};
		9DB54E9119A48F1700E7BBD2 /* Debug */ = {
			isa = XCBuildConfiguration;
			buildSettings = {
				ASSETCATALOG_COMPILER_APPICON_NAME = AppIcon;
				ASSETCATALOG_COMPILER_LAUNCHIMAGE_NAME = LaunchImage;
				GCC_PRECOMPILE_PREFIX_HEADER = YES;
				GCC_PREFIX_HEADER = "AutoCompleteTextFieldPrototype/AutoCompleteTextFieldPrototype-Prefix.pch";
				INFOPLIST_FILE = "AutoCompleteTextFieldPrototype/AutoCompleteTextFieldPrototype-Info.plist";
				PRODUCT_NAME = "$(TARGET_NAME)";
				WRAPPER_EXTENSION = app;
			};
			name = Debug;
		};
		9DB54E9219A48F1700E7BBD2 /* Release */ = {
			isa = XCBuildConfiguration;
			buildSettings = {
				ASSETCATALOG_COMPILER_APPICON_NAME = AppIcon;
				ASSETCATALOG_COMPILER_LAUNCHIMAGE_NAME = LaunchImage;
				GCC_PRECOMPILE_PREFIX_HEADER = YES;
				GCC_PREFIX_HEADER = "AutoCompleteTextFieldPrototype/AutoCompleteTextFieldPrototype-Prefix.pch";
				INFOPLIST_FILE = "AutoCompleteTextFieldPrototype/AutoCompleteTextFieldPrototype-Info.plist";
				PRODUCT_NAME = "$(TARGET_NAME)";
				WRAPPER_EXTENSION = app;
			};
			name = Release;
		};
		9DB54E9419A48F1700E7BBD2 /* Debug */ = {
			isa = XCBuildConfiguration;
			buildSettings = {
				BUNDLE_LOADER = "$(BUILT_PRODUCTS_DIR)/AutoCompleteTextFieldPrototype.app/AutoCompleteTextFieldPrototype";
				FRAMEWORK_SEARCH_PATHS = (
					"$(SDKROOT)/Developer/Library/Frameworks",
					"$(inherited)",
					"$(DEVELOPER_FRAMEWORKS_DIR)",
				);
				GCC_PRECOMPILE_PREFIX_HEADER = YES;
				GCC_PREFIX_HEADER = "AutoCompleteTextFieldPrototype/AutoCompleteTextFieldPrototype-Prefix.pch";
				GCC_PREPROCESSOR_DEFINITIONS = (
					"DEBUG=1",
					"$(inherited)",
				);
				INFOPLIST_FILE = "AutoCompleteTextFieldPrototypeTests/AutoCompleteTextFieldPrototypeTests-Info.plist";
				PRODUCT_NAME = "$(TARGET_NAME)";
				TEST_HOST = "$(BUNDLE_LOADER)";
				WRAPPER_EXTENSION = xctest;
			};
			name = Debug;
		};
		9DB54E9519A48F1700E7BBD2 /* Release */ = {
			isa = XCBuildConfiguration;
			buildSettings = {
				BUNDLE_LOADER = "$(BUILT_PRODUCTS_DIR)/AutoCompleteTextFieldPrototype.app/AutoCompleteTextFieldPrototype";
				FRAMEWORK_SEARCH_PATHS = (
					"$(SDKROOT)/Developer/Library/Frameworks",
					"$(inherited)",
					"$(DEVELOPER_FRAMEWORKS_DIR)",
				);
				GCC_PRECOMPILE_PREFIX_HEADER = YES;
				GCC_PREFIX_HEADER = "AutoCompleteTextFieldPrototype/AutoCompleteTextFieldPrototype-Prefix.pch";
				INFOPLIST_FILE = "AutoCompleteTextFieldPrototypeTests/AutoCompleteTextFieldPrototypeTests-Info.plist";
				PRODUCT_NAME = "$(TARGET_NAME)";
				TEST_HOST = "$(BUNDLE_LOADER)";
				WRAPPER_EXTENSION = xctest;
			};
			name = Release;
		};
/* End XCBuildConfiguration section */

/* Begin XCConfigurationList section */
		9DB54E5919A48F1700E7BBD2 /* Build configuration list for PBXProject "AutoCompleteTextFieldPrototype" */ = {
			isa = XCConfigurationList;
			buildConfigurations = (
				9DB54E8E19A48F1700E7BBD2 /* Debug */,
				9DB54E8F19A48F1700E7BBD2 /* Release */,
			);
			defaultConfigurationIsVisible = 0;
			defaultConfigurationName = Release;
		};
		9DB54E9019A48F1700E7BBD2 /* Build configuration list for PBXNativeTarget "AutoCompleteTextFieldPrototype" */ = {
			isa = XCConfigurationList;
			buildConfigurations = (
				9DB54E9119A48F1700E7BBD2 /* Debug */,
				9DB54E9219A48F1700E7BBD2 /* Release */,
			);
			defaultConfigurationIsVisible = 0;
		};
		9DB54E9319A48F1700E7BBD2 /* Build configuration list for PBXNativeTarget "AutoCompleteTextFieldPrototypeTests" */ = {
			isa = XCConfigurationList;
			buildConfigurations = (
				9DB54E9419A48F1700E7BBD2 /* Debug */,
				9DB54E9519A48F1700E7BBD2 /* Release */,
			);
			defaultConfigurationIsVisible = 0;
		};
/* End XCConfigurationList section */
	};
	rootObject = 9DB54E5619A48F1700E7BBD2 /* Project object */;
}
